
Microsoft Visual Studio Solution File, Format Version 12.00
# Visual Studio Version 16
VisualStudioVersion = 16.0.29613.14
MinimumVisualStudioVersion = 10.0.40219.1
Project("{2150E333-8FDC-42A3-9474-1A3956D46DE8}") = "Domain", "Domain", "{09AC111A-736A-4055-8BFC-38457C07E676}"
EndProject
Project("{2150E333-8FDC-42A3-9474-1A3956D46DE8}") = "API", "API", "{CB6F7B95-B785-479A-A1DD-5B92786C8344}"
EndProject
Project("{2150E333-8FDC-42A3-9474-1A3956D46DE8}") = "Application", "Application", "{90C2C9A1-6F4F-40DE-B737-01A5BEF9C871}"
EndProject
Project("{FAE04EC0-301F-11D3-BF4B-00C04F79EFBC}") = "UEMS.API", "UEMS.API\UEMS.API.csproj", "{EA221653-DEFF-4B9E-AB1E-6D5B9FB9C3BA}"
EndProject
Project("{FAE04EC0-301F-11D3-BF4B-00C04F79EFBC}") = "UEMS.Domain.Core", "UEMS.Domain.Core\UEMS.Domain.Core.csproj", "{AAAD4A68-49CE-4506-8A2A-023E65781695}"
EndProject
Project("{FAE04EC0-301F-11D3-BF4B-00C04F79EFBC}") = "UEMS.Domain.Abstraction", "UEMS.Domain.Abstraction\UEMS.Domain.Abstraction.csproj", "{01922808-4D8D-4BC8-9970-F4DB8F4CC8E0}"
EndProject
Project("{FAE04EC0-301F-11D3-BF4B-00C04F79EFBC}") = "UEMS.Application.Abstraction", "UEMS.Application.Abstraction\UEMS.Application.Abstraction.csproj", "{6FC7EDD9-671D-4AA4-8E29-33634041B05C}"
EndProject
Project("{FAE04EC0-301F-11D3-BF4B-00C04F79EFBC}") = "UEMS.Application.Data", "UEMS.Application.Data\UEMS.Application.Data.csproj", "{ABCBBCA0-B97A-4E29-8CAB-C1A3C85B4203}"
EndProject
Project("{FAE04EC0-301F-11D3-BF4B-00C04F79EFBC}") = "UEMS.Application.Business", "UEMS.Application.Business\UEMS.Application.Business.csproj", "{9A0566D3-6592-4F67-A998-54A01D11C429}"
EndProject
Project("{2150E333-8FDC-42A3-9474-1A3956D46DE8}") = "IoC", "IoC", "{8943FBFC-FAA6-4FF1-BA87-8C9F7D1ECC6E}"
EndProject
Project("{FAE04EC0-301F-11D3-BF4B-00C04F79EFBC}") = "UEMS.IoC", "UEMS.IoC\UEMS.IoC.csproj", "{61BC6EF2-F8C9-4520-B231-F9E07E9C396A}"
EndProject
Global
	GlobalSection(SolutionConfigurationPlatforms) = preSolution
		Debug|Any CPU = Debug|Any CPU
		Release|Any CPU = Release|Any CPU
	EndGlobalSection
	GlobalSection(ProjectConfigurationPlatforms) = postSolution
		{EA221653-DEFF-4B9E-AB1E-6D5B9FB9C3BA}.Debug|Any CPU.ActiveCfg = Debug|Any CPU
		{EA221653-DEFF-4B9E-AB1E-6D5B9FB9C3BA}.Debug|Any CPU.Build.0 = Debug|Any CPU
		{EA221653-DEFF-4B9E-AB1E-6D5B9FB9C3BA}.Release|Any CPU.ActiveCfg = Release|Any CPU
		{EA221653-DEFF-4B9E-AB1E-6D5B9FB9C3BA}.Release|Any CPU.Build.0 = Release|Any CPU
		{AAAD4A68-49CE-4506-8A2A-023E65781695}.Debug|Any CPU.ActiveCfg = Debug|Any CPU
		{AAAD4A68-49CE-4506-8A2A-023E65781695}.Debug|Any CPU.Build.0 = Debug|Any CPU
		{AAAD4A68-49CE-4506-8A2A-023E65781695}.Release|Any CPU.ActiveCfg = Release|Any CPU
		{AAAD4A68-49CE-4506-8A2A-023E65781695}.Release|Any CPU.Build.0 = Release|Any CPU
		{01922808-4D8D-4BC8-9970-F4DB8F4CC8E0}.Debug|Any CPU.ActiveCfg = Debug|Any CPU
		{01922808-4D8D-4BC8-9970-F4DB8F4CC8E0}.Debug|Any CPU.Build.0 = Debug|Any CPU
		{01922808-4D8D-4BC8-9970-F4DB8F4CC8E0}.Release|Any CPU.ActiveCfg = Release|Any CPU
		{01922808-4D8D-4BC8-9970-F4DB8F4CC8E0}.Release|Any CPU.Build.0 = Release|Any CPU
		{6FC7EDD9-671D-4AA4-8E29-33634041B05C}.Debug|Any CPU.ActiveCfg = Debug|Any CPU
		{6FC7EDD9-671D-4AA4-8E29-33634041B05C}.Debug|Any CPU.Build.0 = Debug|Any CPU
		{6FC7EDD9-671D-4AA4-8E29-33634041B05C}.Release|Any CPU.ActiveCfg = Release|Any CPU
		{6FC7EDD9-671D-4AA4-8E29-33634041B05C}.Release|Any CPU.Build.0 = Release|Any CPU
		{ABCBBCA0-B97A-4E29-8CAB-C1A3C85B4203}.Debug|Any CPU.ActiveCfg = Debug|Any CPU
		{ABCBBCA0-B97A-4E29-8CAB-C1A3C85B4203}.Debug|Any CPU.Build.0 = Debug|Any CPU
		{ABCBBCA0-B97A-4E29-8CAB-C1A3C85B4203}.Release|Any CPU.ActiveCfg = Release|Any CPU
		{ABCBBCA0-B97A-4E29-8CAB-C1A3C85B4203}.Release|Any CPU.Build.0 = Release|Any CPU
		{9A0566D3-6592-4F67-A998-54A01D11C429}.Debug|Any CPU.ActiveCfg = Debug|Any CPU
		{9A0566D3-6592-4F67-A998-54A01D11C429}.Debug|Any CPU.Build.0 = Debug|Any CPU
		{9A0566D3-6592-4F67-A998-54A01D11C429}.Release|Any CPU.ActiveCfg = Release|Any CPU
		{9A0566D3-6592-4F67-A998-54A01D11C429}.Release|Any CPU.Build.0 = Release|Any CPU
		{61BC6EF2-F8C9-4520-B231-F9E07E9C396A}.Debug|Any CPU.ActiveCfg = Debug|Any CPU
		{61BC6EF2-F8C9-4520-B231-F9E07E9C396A}.Debug|Any CPU.Build.0 = Debug|Any CPU
		{61BC6EF2-F8C9-4520-B231-F9E07E9C396A}.Release|Any CPU.ActiveCfg = Release|Any CPU
		{61BC6EF2-F8C9-4520-B231-F9E07E9C396A}.Release|Any CPU.Build.0 = Release|Any CPU
	EndGlobalSection
	GlobalSection(SolutionProperties) = preSolution
		HideSolutionNode = FALSE
	EndGlobalSection
	GlobalSection(NestedProjects) = preSolution
		{EA221653-DEFF-4B9E-AB1E-6D5B9FB9C3BA} = {CB6F7B95-B785-479A-A1DD-5B92786C8344}
		{AAAD4A68-49CE-4506-8A2A-023E65781695} = {09AC111A-736A-4055-8BFC-38457C07E676}
		{01922808-4D8D-4BC8-9970-F4DB8F4CC8E0} = {09AC111A-736A-4055-8BFC-38457C07E676}
		{6FC7EDD9-671D-4AA4-8E29-33634041B05C} = {90C2C9A1-6F4F-40DE-B737-01A5BEF9C871}
		{ABCBBCA0-B97A-4E29-8CAB-C1A3C85B4203} = {90C2C9A1-6F4F-40DE-B737-01A5BEF9C871}
		{9A0566D3-6592-4F67-A998-54A01D11C429} = {90C2C9A1-6F4F-40DE-B737-01A5BEF9C871}
		{61BC6EF2-F8C9-4520-B231-F9E07E9C396A} = {8943FBFC-FAA6-4FF1-BA87-8C9F7D1ECC6E}
	EndGlobalSection
	GlobalSection(ExtensibilityGlobals) = postSolution
		SolutionGuid = {7D47904A-84EB-425D-94FA-BE5940B38CE5}
	EndGlobalSection
EndGlobal
